
Microsoft Visual Studio Solution File, Format Version 12.00
# Visual Studio Version 17
VisualStudioVersion = 17.5.33516.290
MinimumVisualStudioVersion = 10.0.40219.1
Project("{FAE04EC0-301F-11D3-BF4B-00C04F79EFBC}") = "BibliotekaBd", "BibliotekaBd\BibliotekaBd.csproj", "{4344B532-0EBF-445D-816D-B61DA3A06FC2}"
EndProject
Global
	GlobalSection(SolutionConfigurationPlatforms) = preSolution
		Debug|Any CPU = Debug|Any CPU
		Release|Any CPU = Release|Any CPU
	EndGlobalSection
	GlobalSection(ProjectConfigurationPlatforms) = postSolution
		{4344B532-0EBF-445D-816D-B61DA3A06FC2}.Debug|Any CPU.ActiveCfg = Debug|Any CPU
		{4344B532-0EBF-445D-816D-B61DA3A06FC2}.Debug|Any CPU.Build.0 = Debug|Any CPU
		{4344B532-0EBF-445D-816D-B61DA3A06FC2}.Release|Any CPU.ActiveCfg = Release|Any CPU
		{4344B532-0EBF-445D-816D-B61DA3A06FC2}.Release|Any CPU.Build.0 = Release|Any CPU
	EndGlobalSection
	GlobalSection(SolutionProperties) = preSolution
		HideSolutionNode = FALSE
	EndGlobalSection
	GlobalSection(ExtensibilityGlobals) = postSolution
		SolutionGuid = {4B8BB4A7-3FF4-438E-8E80-8C05F50E48B3}
	EndGlobalSection
EndGlobal
